
Microsoft Visual Studio Solution File, Format Version 12.00
# Visual Studio 15
Project("{FAE04EC0-301F-11D3-BF4B-00C04F79EFBC}") = "Assembly-CSharp", "Assembly-CSharp.csproj", "{330D4395-D77A-9E8A-B34F-1121EB5CD4A8}"
EndProject
Project("{FAE04EC0-301F-11D3-BF4B-00C04F79EFBC}") = "Assembly-CSharp-Editor", "Assembly-CSharp-Editor.csproj", "{886D2917-E0F4-7B19-E05F-6B5257693991}"
EndProject
Global
	GlobalSection(SolutionConfigurationPlatforms) = preSolution
		Debug|Any CPU = Debug|Any CPU
		Release|Any CPU = Release|Any CPU
	EndGlobalSection
	GlobalSection(ProjectConfigurationPlatforms) = postSolution
		{330D4395-D77A-9E8A-B34F-1121EB5CD4A8}.Debug|Any CPU.ActiveCfg = Debug|Any CPU
		{330D4395-D77A-9E8A-B34F-1121EB5CD4A8}.Debug|Any CPU.Build.0 = Debug|Any CPU
		{330D4395-D77A-9E8A-B34F-1121EB5CD4A8}.Release|Any CPU.ActiveCfg = Release|Any CPU
		{330D4395-D77A-9E8A-B34F-1121EB5CD4A8}.Release|Any CPU.Build.0 = Release|Any CPU
		{886D2917-E0F4-7B19-E05F-6B5257693991}.Debug|Any CPU.ActiveCfg = Debug|Any CPU
		{886D2917-E0F4-7B19-E05F-6B5257693991}.Debug|Any CPU.Build.0 = Debug|Any CPU
		{886D2917-E0F4-7B19-E05F-6B5257693991}.Release|Any CPU.ActiveCfg = Release|Any CPU
		{886D2917-E0F4-7B19-E05F-6B5257693991}.Release|Any CPU.Build.0 = Release|Any CPU
	EndGlobalSection
	GlobalSection(SolutionProperties) = preSolution
		HideSolutionNode = FALSE
	EndGlobalSection
EndGlobal
